
Microsoft Visual Studio Solution File, Format Version 12.00
# Visual Studio Version 17
VisualStudioVersion = 17.3.32922.545
MinimumVisualStudioVersion = 10.0.40219.1
Project("{FAE04EC0-301F-11D3-BF4B-00C04F79EFBC}") = "knol_DevFile05_Project", "knol_DevFile05_Project\knol_DevFile05_Project.csproj", "{C145547A-8D57-4A3B-9994-BB090159EADE}"
EndProject
Global
	GlobalSection(SolutionConfigurationPlatforms) = preSolution
		Debug|Any CPU = Debug|Any CPU
		Release|Any CPU = Release|Any CPU
	EndGlobalSection
	GlobalSection(ProjectConfigurationPlatforms) = postSolution
		{C145547A-8D57-4A3B-9994-BB090159EADE}.Debug|Any CPU.ActiveCfg = Debug|Any CPU
		{C145547A-8D57-4A3B-9994-BB090159EADE}.Debug|Any CPU.Build.0 = Debug|Any CPU
		{C145547A-8D57-4A3B-9994-BB090159EADE}.Release|Any CPU.ActiveCfg = Release|Any CPU
		{C145547A-8D57-4A3B-9994-BB090159EADE}.Release|Any CPU.Build.0 = Release|Any CPU
	EndGlobalSection
	GlobalSection(SolutionProperties) = preSolution
		HideSolutionNode = FALSE
	EndGlobalSection
	GlobalSection(ExtensibilityGlobals) = postSolution
		SolutionGuid = {26B70BFA-5C7A-4D93-B878-EC302CD10BEF}
	EndGlobalSection
EndGlobal
